// !$*UTF8*$!
{
	archiveVersion = 1;
	classes = {
	};
	objectVersion = 55;
	objects = {

/* Begin PBXBuildFile section */
		540C2B82123E23988727FA8E /* Pods_FlixterTests.framework in Frameworks */ = {isa = PBXBuildFile; fileRef = 17FA03974650125DA0AC74E6 /* Pods_FlixterTests.framework */; };
		C20400DF285BF62600E706C1 /* MovieCell.m in Sources */ = {isa = PBXBuildFile; fileRef = C20400DE285BF62600E706C1 /* MovieCell.m */; };
		C20400E2285D015200E706C1 /* DetailsViewController.m in Sources */ = {isa = PBXBuildFile; fileRef = C20400E1285D015200E706C1 /* DetailsViewController.m */; };
		C20400E5285FED2600E706C1 /* CollectionViewController.m in Sources */ = {isa = PBXBuildFile; fileRef = C20400E4285FED2600E706C1 /* CollectionViewController.m */; };
		C2200302285BAC05000FB71E /* AppDelegate.m in Sources */ = {isa = PBXBuildFile; fileRef = C2200301285BAC05000FB71E /* AppDelegate.m */; };
		C2200305285BAC05000FB71E /* SceneDelegate.m in Sources */ = {isa = PBXBuildFile; fileRef = C2200304285BAC05000FB71E /* SceneDelegate.m */; };
		C2200308285BAC05000FB71E /* ViewController.m in Sources */ = {isa = PBXBuildFile; fileRef = C2200307285BAC05000FB71E /* ViewController.m */; };
		C220030B285BAC05000FB71E /* Main.storyboard in Resources */ = {isa = PBXBuildFile; fileRef = C2200309285BAC05000FB71E /* Main.storyboard */; };
		C220030D285BAC07000FB71E /* Assets.xcassets in Resources */ = {isa = PBXBuildFile; fileRef = C220030C285BAC07000FB71E /* Assets.xcassets */; };
		C2200310285BAC07000FB71E /* LaunchScreen.storyboard in Resources */ = {isa = PBXBuildFile; fileRef = C220030E285BAC07000FB71E /* LaunchScreen.storyboard */; };
		C2200313285BAC07000FB71E /* main.m in Sources */ = {isa = PBXBuildFile; fileRef = C2200312285BAC07000FB71E /* main.m */; };
		C220031D285BAC07000FB71E /* FlixterTests.m in Sources */ = {isa = PBXBuildFile; fileRef = C220031C285BAC07000FB71E /* FlixterTests.m */; };
		C2200327285BAC07000FB71E /* FlixterUITests.m in Sources */ = {isa = PBXBuildFile; fileRef = C2200326285BAC07000FB71E /* FlixterUITests.m */; };
		C2200329285BAC07000FB71E /* FlixterUITestsLaunchTests.m in Sources */ = {isa = PBXBuildFile; fileRef = C2200328285BAC07000FB71E /* FlixterUITestsLaunchTests.m */; };
		C220033E285BC51B000FB71E /* MovieViewController.m in Sources */ = {isa = PBXBuildFile; fileRef = C220033D285BC51B000FB71E /* MovieViewController.m */; };
		D093A2322C6254ACCA8F8EB7 /* Pods_Flixter_FlixterUITests.framework in Frameworks */ = {isa = PBXBuildFile; fileRef = 3734E0B107A8BD2455ACD290 /* Pods_Flixter_FlixterUITests.framework */; };
		E4B6BA3D6E806CA20A35DC12 /* Pods_Flixter.framework in Frameworks */ = {isa = PBXBuildFile; fileRef = 3825A18D41BE6F4244D1668D /* Pods_Flixter.framework */; };
/* End PBXBuildFile section */

/* Begin PBXContainerItemProxy section */
		C2200319285BAC07000FB71E /* PBXContainerItemProxy */ = {
			isa = PBXContainerItemProxy;
			containerPortal = C22002F5285BAC05000FB71E /* Project object */;
			proxyType = 1;
			remoteGlobalIDString = C22002FC285BAC05000FB71E;
			remoteInfo = Flixter;
		};
		C2200323285BAC07000FB71E /* PBXContainerItemProxy */ = {
			isa = PBXContainerItemProxy;
			containerPortal = C22002F5285BAC05000FB71E /* Project object */;
			proxyType = 1;
			remoteGlobalIDString = C22002FC285BAC05000FB71E;
			remoteInfo = Flixter;
		};
/* End PBXContainerItemProxy section */

/* Begin PBXFileReference section */
		17FA03974650125DA0AC74E6 /* Pods_FlixterTests.framework */ = {isa = PBXFileReference; explicitFileType = wrapper.framework; includeInIndex = 0; path = Pods_FlixterTests.framework; sourceTree = BUILT_PRODUCTS_DIR; };
		3734E0B107A8BD2455ACD290 /* Pods_Flixter_FlixterUITests.framework */ = {isa = PBXFileReference; explicitFileType = wrapper.framework; includeInIndex = 0; path = Pods_Flixter_FlixterUITests.framework; sourceTree = BUILT_PRODUCTS_DIR; };
		3825A18D41BE6F4244D1668D /* Pods_Flixter.framework */ = {isa = PBXFileReference; explicitFileType = wrapper.framework; includeInIndex = 0; path = Pods_Flixter.framework; sourceTree = BUILT_PRODUCTS_DIR; };
		3FB131B03E31FA25DA9AD7D7 /* Pods-FlixterTests.release.xcconfig */ = {isa = PBXFileReference; includeInIndex = 1; lastKnownFileType = text.xcconfig; name = "Pods-FlixterTests.release.xcconfig"; path = "Target Support Files/Pods-FlixterTests/Pods-FlixterTests.release.xcconfig"; sourceTree = "<group>"; };
		6938920396A02139442D72AE /* Pods-Flixter-FlixterUITests.debug.xcconfig */ = {isa = PBXFileReference; includeInIndex = 1; lastKnownFileType = text.xcconfig; name = "Pods-Flixter-FlixterUITests.debug.xcconfig"; path = "Target Support Files/Pods-Flixter-FlixterUITests/Pods-Flixter-FlixterUITests.debug.xcconfig"; sourceTree = "<group>"; };
		A70D734B5D9F4D91F3E3CCCA /* Pods-FlixterTests.debug.xcconfig */ = {isa = PBXFileReference; includeInIndex = 1; lastKnownFileType = text.xcconfig; name = "Pods-FlixterTests.debug.xcconfig"; path = "Target Support Files/Pods-FlixterTests/Pods-FlixterTests.debug.xcconfig"; sourceTree = "<group>"; };
		C20400DD285BF62600E706C1 /* MovieCell.h */ = {isa = PBXFileReference; lastKnownFileType = sourcecode.c.h; path = MovieCell.h; sourceTree = "<group>"; };
		C20400DE285BF62600E706C1 /* MovieCell.m */ = {isa = PBXFileReference; lastKnownFileType = sourcecode.c.objc; path = MovieCell.m; sourceTree = "<group>"; };
		C20400E0285D015200E706C1 /* DetailsViewController.h */ = {isa = PBXFileReference; lastKnownFileType = sourcecode.c.h; path = DetailsViewController.h; sourceTree = "<group>"; };
		C20400E1285D015200E706C1 /* DetailsViewController.m */ = {isa = PBXFileReference; lastKnownFileType = sourcecode.c.objc; path = DetailsViewController.m; sourceTree = "<group>"; };
		C20400E3285FED2600E706C1 /* CollectionViewController.h */ = {isa = PBXFileReference; lastKnownFileType = sourcecode.c.h; path = CollectionViewController.h; sourceTree = "<group>"; };
		C20400E4285FED2600E706C1 /* CollectionViewController.m */ = {isa = PBXFileReference; lastKnownFileType = sourcecode.c.objc; path = CollectionViewController.m; sourceTree = "<group>"; };
		C22002FD285BAC05000FB71E /* Flixter.app */ = {isa = PBXFileReference; explicitFileType = wrapper.application; includeInIndex = 0; path = Flixter.app; sourceTree = BUILT_PRODUCTS_DIR; };
		C2200300285BAC05000FB71E /* AppDelegate.h */ = {isa = PBXFileReference; lastKnownFileType = sourcecode.c.h; path = AppDelegate.h; sourceTree = "<group>"; };
		C2200301285BAC05000FB71E /* AppDelegate.m */ = {isa = PBXFileReference; lastKnownFileType = sourcecode.c.objc; path = AppDelegate.m; sourceTree = "<group>"; };
		C2200303285BAC05000FB71E /* SceneDelegate.h */ = {isa = PBXFileReference; lastKnownFileType = sourcecode.c.h; path = SceneDelegate.h; sourceTree = "<group>"; };
		C2200304285BAC05000FB71E /* SceneDelegate.m */ = {isa = PBXFileReference; lastKnownFileType = sourcecode.c.objc; path = SceneDelegate.m; sourceTree = "<group>"; };
		C2200306285BAC05000FB71E /* ViewController.h */ = {isa = PBXFileReference; lastKnownFileType = sourcecode.c.h; path = ViewController.h; sourceTree = "<group>"; };
		C2200307285BAC05000FB71E /* ViewController.m */ = {isa = PBXFileReference; lastKnownFileType = sourcecode.c.objc; path = ViewController.m; sourceTree = "<group>"; };
		C220030A285BAC05000FB71E /* Base */ = {isa = PBXFileReference; lastKnownFileType = file.storyboard; name = Base; path = Base.lproj/Main.storyboard; sourceTree = "<group>"; };
		C220030C285BAC07000FB71E /* Assets.xcassets */ = {isa = PBXFileReference; lastKnownFileType = folder.assetcatalog; path = Assets.xcassets; sourceTree = "<group>"; };
		C220030F285BAC07000FB71E /* Base */ = {isa = PBXFileReference; lastKnownFileType = file.storyboard; name = Base; path = Base.lproj/LaunchScreen.storyboard; sourceTree = "<group>"; };
		C2200311285BAC07000FB71E /* Info.plist */ = {isa = PBXFileReference; lastKnownFileType = text.plist.xml; path = Info.plist; sourceTree = "<group>"; };
		C2200312285BAC07000FB71E /* main.m */ = {isa = PBXFileReference; lastKnownFileType = sourcecode.c.objc; path = main.m; sourceTree = "<group>"; };
		C2200318285BAC07000FB71E /* FlixterTests.xctest */ = {isa = PBXFileReference; explicitFileType = wrapper.cfbundle; includeInIndex = 0; path = FlixterTests.xctest; sourceTree = BUILT_PRODUCTS_DIR; };
		C220031C285BAC07000FB71E /* FlixterTests.m */ = {isa = PBXFileReference; lastKnownFileType = sourcecode.c.objc; path = FlixterTests.m; sourceTree = "<group>"; };
		C2200322285BAC07000FB71E /* FlixterUITests.xctest */ = {isa = PBXFileReference; explicitFileType = wrapper.cfbundle; includeInIndex = 0; path = FlixterUITests.xctest; sourceTree = BUILT_PRODUCTS_DIR; };
		C2200326285BAC07000FB71E /* FlixterUITests.m */ = {isa = PBXFileReference; lastKnownFileType = sourcecode.c.objc; path = FlixterUITests.m; sourceTree = "<group>"; };
		C2200328285BAC07000FB71E /* FlixterUITestsLaunchTests.m */ = {isa = PBXFileReference; lastKnownFileType = sourcecode.c.objc; path = FlixterUITestsLaunchTests.m; sourceTree = "<group>"; };
		C220033C285BC51B000FB71E /* MovieViewController.h */ = {isa = PBXFileReference; lastKnownFileType = sourcecode.c.h; path = MovieViewController.h; sourceTree = "<group>"; };
		C220033D285BC51B000FB71E /* MovieViewController.m */ = {isa = PBXFileReference; lastKnownFileType = sourcecode.c.objc; path = MovieViewController.m; sourceTree = "<group>"; };
		DFD4EEA70299D79B920F615C /* Pods-Flixter-FlixterUITests.release.xcconfig */ = {isa = PBXFileReference; includeInIndex = 1; lastKnownFileType = text.xcconfig; name = "Pods-Flixter-FlixterUITests.release.xcconfig"; path = "Target Support Files/Pods-Flixter-FlixterUITests/Pods-Flixter-FlixterUITests.release.xcconfig"; sourceTree = "<group>"; };
		E6789FF845B1FAD2306EB01C /* Pods-Flixter.debug.xcconfig */ = {isa = PBXFileReference; includeInIndex = 1; lastKnownFileType = text.xcconfig; name = "Pods-Flixter.debug.xcconfig"; path = "Target Support Files/Pods-Flixter/Pods-Flixter.debug.xcconfig"; sourceTree = "<group>"; };
		F43EB4E515DDFC0FFB459555 /* Pods-Flixter.release.xcconfig */ = {isa = PBXFileReference; includeInIndex = 1; lastKnownFileType = text.xcconfig; name = "Pods-Flixter.release.xcconfig"; path = "Target Support Files/Pods-Flixter/Pods-Flixter.release.xcconfig"; sourceTree = "<group>"; };
/* End PBXFileReference section */

/* Begin PBXFrameworksBuildPhase section */
		C22002FA285BAC05000FB71E /* Frameworks */ = {
			isa = PBXFrameworksBuildPhase;
			buildActionMask = 2147483647;
			files = (
				E4B6BA3D6E806CA20A35DC12 /* Pods_Flixter.framework in Frameworks */,
			);
			runOnlyForDeploymentPostprocessing = 0;
		};
		C2200315285BAC07000FB71E /* Frameworks */ = {
			isa = PBXFrameworksBuildPhase;
			buildActionMask = 2147483647;
			files = (
				540C2B82123E23988727FA8E /* Pods_FlixterTests.framework in Frameworks */,
			);
			runOnlyForDeploymentPostprocessing = 0;
		};
		C220031F285BAC07000FB71E /* Frameworks */ = {
			isa = PBXFrameworksBuildPhase;
			buildActionMask = 2147483647;
			files = (
				D093A2322C6254ACCA8F8EB7 /* Pods_Flixter_FlixterUITests.framework in Frameworks */,
			);
			runOnlyForDeploymentPostprocessing = 0;
		};
/* End PBXFrameworksBuildPhase section */

/* Begin PBXGroup section */
		8941E001C17B186C56F1E95A /* Pods */ = {
			isa = PBXGroup;
			children = (
				E6789FF845B1FAD2306EB01C /* Pods-Flixter.debug.xcconfig */,
				F43EB4E515DDFC0FFB459555 /* Pods-Flixter.release.xcconfig */,
				6938920396A02139442D72AE /* Pods-Flixter-FlixterUITests.debug.xcconfig */,
				DFD4EEA70299D79B920F615C /* Pods-Flixter-FlixterUITests.release.xcconfig */,
				A70D734B5D9F4D91F3E3CCCA /* Pods-FlixterTests.debug.xcconfig */,
				3FB131B03E31FA25DA9AD7D7 /* Pods-FlixterTests.release.xcconfig */,
			);
			path = Pods;
			sourceTree = "<group>";
		};
		C22002F4285BAC05000FB71E = {
			isa = PBXGroup;
			children = (
				C22002FF285BAC05000FB71E /* Flixter */,
				C220031B285BAC07000FB71E /* FlixterTests */,
				C2200325285BAC07000FB71E /* FlixterUITests */,
				C22002FE285BAC05000FB71E /* Products */,
				8941E001C17B186C56F1E95A /* Pods */,
				C333281C37EE70E23290573A /* Frameworks */,
			);
			sourceTree = "<group>";
		};
		C22002FE285BAC05000FB71E /* Products */ = {
			isa = PBXGroup;
			children = (
				C22002FD285BAC05000FB71E /* Flixter.app */,
				C2200318285BAC07000FB71E /* FlixterTests.xctest */,
				C2200322285BAC07000FB71E /* FlixterUITests.xctest */,
			);
			name = Products;
			sourceTree = "<group>";
		};
		C22002FF285BAC05000FB71E /* Flixter */ = {
			isa = PBXGroup;
			children = (
				C2200300285BAC05000FB71E /* AppDelegate.h */,
				C2200301285BAC05000FB71E /* AppDelegate.m */,
				C2200303285BAC05000FB71E /* SceneDelegate.h */,
				C2200304285BAC05000FB71E /* SceneDelegate.m */,
				C2200306285BAC05000FB71E /* ViewController.h */,
				C2200307285BAC05000FB71E /* ViewController.m */,
				C220033C285BC51B000FB71E /* MovieViewController.h */,
				C220033D285BC51B000FB71E /* MovieViewController.m */,
				C20400E3285FED2600E706C1 /* CollectionViewController.h */,
				C20400E4285FED2600E706C1 /* CollectionViewController.m */,
				C2200309285BAC05000FB71E /* Main.storyboard */,
				C20400E0285D015200E706C1 /* DetailsViewController.h */,
				C20400E1285D015200E706C1 /* DetailsViewController.m */,
				C220030C285BAC07000FB71E /* Assets.xcassets */,
				C220030E285BAC07000FB71E /* LaunchScreen.storyboard */,
				C2200311285BAC07000FB71E /* Info.plist */,
				C2200312285BAC07000FB71E /* main.m */,
				C20400DD285BF62600E706C1 /* MovieCell.h */,
				C20400DE285BF62600E706C1 /* MovieCell.m */,
			);
			path = Flixter;
			sourceTree = "<group>";
		};
		C220031B285BAC07000FB71E /* FlixterTests */ = {
			isa = PBXGroup;
			children = (
				C220031C285BAC07000FB71E /* FlixterTests.m */,
			);
			path = FlixterTests;
			sourceTree = "<group>";
		};
		C2200325285BAC07000FB71E /* FlixterUITests */ = {
			isa = PBXGroup;
			children = (
				C2200326285BAC07000FB71E /* FlixterUITests.m */,
				C2200328285BAC07000FB71E /* FlixterUITestsLaunchTests.m */,
			);
			path = FlixterUITests;
			sourceTree = "<group>";
		};
		C333281C37EE70E23290573A /* Frameworks */ = {
			isa = PBXGroup;
			children = (
				3825A18D41BE6F4244D1668D /* Pods_Flixter.framework */,
				3734E0B107A8BD2455ACD290 /* Pods_Flixter_FlixterUITests.framework */,
				17FA03974650125DA0AC74E6 /* Pods_FlixterTests.framework */,
			);
			name = Frameworks;
			sourceTree = "<group>";
		};
/* End PBXGroup section */

/* Begin PBXNativeTarget section */
		C22002FC285BAC05000FB71E /* Flixter */ = {
			isa = PBXNativeTarget;
			buildConfigurationList = C220032C285BAC07000FB71E /* Build configuration list for PBXNativeTarget "Flixter" */;
			buildPhases = (
				FB5A1E1E7BEB71F4C3799999 /* [CP] Check Pods Manifest.lock */,
				C22002F9285BAC05000FB71E /* Sources */,
				C22002FA285BAC05000FB71E /* Frameworks */,
				C22002FB285BAC05000FB71E /* Resources */,
				685E8EA03650689CD7986833 /* [CP] Embed Pods Frameworks */,
			);
			buildRules = (
			);
			dependencies = (
			);
			name = Flixter;
			productName = Flixter;
			productReference = C22002FD285BAC05000FB71E /* Flixter.app */;
			productType = "com.apple.product-type.application";
		};
		C2200317285BAC07000FB71E /* FlixterTests */ = {
			isa = PBXNativeTarget;
			buildConfigurationList = C220032F285BAC07000FB71E /* Build configuration list for PBXNativeTarget "FlixterTests" */;
			buildPhases = (
				4672788CFCEB357A961C1FFE /* [CP] Check Pods Manifest.lock */,
				C2200314285BAC07000FB71E /* Sources */,
				C2200315285BAC07000FB71E /* Frameworks */,
				C2200316285BAC07000FB71E /* Resources */,
			);
			buildRules = (
			);
			dependencies = (
				C220031A285BAC07000FB71E /* PBXTargetDependency */,
			);
			name = FlixterTests;
			productName = FlixterTests;
			productReference = C2200318285BAC07000FB71E /* FlixterTests.xctest */;
			productType = "com.apple.product-type.bundle.unit-test";
		};
		C2200321285BAC07000FB71E /* FlixterUITests */ = {
			isa = PBXNativeTarget;
			buildConfigurationList = C2200332285BAC07000FB71E /* Build configuration list for PBXNativeTarget "FlixterUITests" */;
			buildPhases = (
				6158EEAA42C9A0151BAE8B78 /* [CP] Check Pods Manifest.lock */,
				C220031E285BAC07000FB71E /* Sources */,
				C220031F285BAC07000FB71E /* Frameworks */,
				C2200320285BAC07000FB71E /* Resources */,
				45E321D2FEE3BB0CC5B9618B /* [CP] Embed Pods Frameworks */,
			);
			buildRules = (
			);
			dependencies = (
				C2200324285BAC07000FB71E /* PBXTargetDependency */,
			);
			name = FlixterUITests;
			productName = FlixterUITests;
			productReference = C2200322285BAC07000FB71E /* FlixterUITests.xctest */;
			productType = "com.apple.product-type.bundle.ui-testing";
		};
/* End PBXNativeTarget section */

/* Begin PBXProject section */
		C22002F5285BAC05000FB71E /* Project object */ = {
			isa = PBXProject;
			attributes = {
				BuildIndependentTargetsInParallel = 1;
				LastUpgradeCheck = 1340;
				TargetAttributes = {
					C22002FC285BAC05000FB71E = {
						CreatedOnToolsVersion = 13.4.1;
					};
					C2200317285BAC07000FB71E = {
						CreatedOnToolsVersion = 13.4.1;
						TestTargetID = C22002FC285BAC05000FB71E;
					};
					C2200321285BAC07000FB71E = {
						CreatedOnToolsVersion = 13.4.1;
						TestTargetID = C22002FC285BAC05000FB71E;
					};
				};
			};
			buildConfigurationList = C22002F8285BAC05000FB71E /* Build configuration list for PBXProject "Flixter" */;
			compatibilityVersion = "Xcode 13.0";
			developmentRegion = en;
			hasScannedForEncodings = 0;
			knownRegions = (
				en,
				Base,
			);
			mainGroup = C22002F4285BAC05000FB71E;
			productRefGroup = C22002FE285BAC05000FB71E /* Products */;
			projectDirPath = "";
			projectRoot = "";
			targets = (
				C22002FC285BAC05000FB71E /* Flixter */,
				C2200317285BAC07000FB71E /* FlixterTests */,
				C2200321285BAC07000FB71E /* FlixterUITests */,
			);
		};
/* End PBXProject section */

/* Begin PBXResourcesBuildPhase section */
		C22002FB285BAC05000FB71E /* Resources */ = {
			isa = PBXResourcesBuildPhase;
			buildActionMask = 2147483647;
			files = (
				C2200310285BAC07000FB71E /* LaunchScreen.storyboard in Resources */,
				C220030D285BAC07000FB71E /* Assets.xcassets in Resources */,
				C220030B285BAC05000FB71E /* Main.storyboard in Resources */,
			);
			runOnlyForDeploymentPostprocessing = 0;
		};
		C2200316285BAC07000FB71E /* Resources */ = {
			isa = PBXResourcesBuildPhase;
			buildActionMask = 2147483647;
			files = (
			);
			runOnlyForDeploymentPostprocessing = 0;
		};
		C2200320285BAC07000FB71E /* Resources */ = {
			isa = PBXResourcesBuildPhase;
			buildActionMask = 2147483647;
			files = (
			);
			runOnlyForDeploymentPostprocessing = 0;
		};
/* End PBXResourcesBuildPhase section */

/* Begin PBXShellScriptBuildPhase section */
		45E321D2FEE3BB0CC5B9618B /* [CP] Embed Pods Frameworks */ = {
			isa = PBXShellScriptBuildPhase;
			buildActionMask = 2147483647;
			files = (
			);
			inputFileListPaths = (
				"${PODS_ROOT}/Target Support Files/Pods-Flixter-FlixterUITests/Pods-Flixter-FlixterUITests-frameworks-${CONFIGURATION}-input-files.xcfilelist",
			);
			name = "[CP] Embed Pods Frameworks";
			outputFileListPaths = (
				"${PODS_ROOT}/Target Support Files/Pods-Flixter-FlixterUITests/Pods-Flixter-FlixterUITests-frameworks-${CONFIGURATION}-output-files.xcfilelist",
			);
			runOnlyForDeploymentPostprocessing = 0;
			shellPath = /bin/sh;
			shellScript = "\"${PODS_ROOT}/Target Support Files/Pods-Flixter-FlixterUITests/Pods-Flixter-FlixterUITests-frameworks.sh\"\n";
			showEnvVarsInLog = 0;
		};
		4672788CFCEB357A961C1FFE /* [CP] Check Pods Manifest.lock */ = {
			isa = PBXShellScriptBuildPhase;
			buildActionMask = 2147483647;
			files = (
			);
			inputFileListPaths = (
			);
			inputPaths = (
				"${PODS_PODFILE_DIR_PATH}/Podfile.lock",
				"${PODS_ROOT}/Manifest.lock",
			);
			name = "[CP] Check Pods Manifest.lock";
			outputFileListPaths = (
			);
			outputPaths = (
				"$(DERIVED_FILE_DIR)/Pods-FlixterTests-checkManifestLockResult.txt",
			);
			runOnlyForDeploymentPostprocessing = 0;
			shellPath = /bin/sh;
			shellScript = "diff \"${PODS_PODFILE_DIR_PATH}/Podfile.lock\" \"${PODS_ROOT}/Manifest.lock\" > /dev/null\nif [ $? != 0 ] ; then\n    # print error to STDERR\n    echo \"error: The sandbox is not in sync with the Podfile.lock. Run 'pod install' or update your CocoaPods installation.\" >&2\n    exit 1\nfi\n# This output is used by Xcode 'outputs' to avoid re-running this script phase.\necho \"SUCCESS\" > \"${SCRIPT_OUTPUT_FILE_0}\"\n";
			showEnvVarsInLog = 0;
		};
		6158EEAA42C9A0151BAE8B78 /* [CP] Check Pods Manifest.lock */ = {
			isa = PBXShellScriptBuildPhase;
			buildActionMask = 2147483647;
			files = (
			);
			inputFileListPaths = (
			);
			inputPaths = (
				"${PODS_PODFILE_DIR_PATH}/Podfile.lock",
				"${PODS_ROOT}/Manifest.lock",
			);
			name = "[CP] Check Pods Manifest.lock";
			outputFileListPaths = (
			);
			outputPaths = (
				"$(DERIVED_FILE_DIR)/Pods-Flixter-FlixterUITests-checkManifestLockResult.txt",
			);
			runOnlyForDeploymentPostprocessing = 0;
			shellPath = /bin/sh;
			shellScript = "diff \"${PODS_PODFILE_DIR_PATH}/Podfile.lock\" \"${PODS_ROOT}/Manifest.lock\" > /dev/null\nif [ $? != 0 ] ; then\n    # print error to STDERR\n    echo \"error: The sandbox is not in sync with the Podfile.lock. Run 'pod install' or update your CocoaPods installation.\" >&2\n    exit 1\nfi\n# This output is used by Xcode 'outputs' to avoid re-running this script phase.\necho \"SUCCESS\" > \"${SCRIPT_OUTPUT_FILE_0}\"\n";
			showEnvVarsInLog = 0;
		};
		685E8EA03650689CD7986833 /* [CP] Embed Pods Frameworks */ = {
			isa = PBXShellScriptBuildPhase;
			buildActionMask = 2147483647;
			files = (
			);
			inputFileListPaths = (
				"${PODS_ROOT}/Target Support Files/Pods-Flixter/Pods-Flixter-frameworks-${CONFIGURATION}-input-files.xcfilelist",
			);
			name = "[CP] Embed Pods Frameworks";
			outputFileListPaths = (
				"${PODS_ROOT}/Target Support Files/Pods-Flixter/Pods-Flixter-frameworks-${CONFIGURATION}-output-files.xcfilelist",
			);
			runOnlyForDeploymentPostprocessing = 0;
			shellPath = /bin/sh;
			shellScript = "\"${PODS_ROOT}/Target Support Files/Pods-Flixter/Pods-Flixter-frameworks.sh\"\n";
			showEnvVarsInLog = 0;
		};
		FB5A1E1E7BEB71F4C3799999 /* [CP] Check Pods Manifest.lock */ = {
			isa = PBXShellScriptBuildPhase;
			buildActionMask = 2147483647;
			files = (
			);
			inputFileListPaths = (
			);
			inputPaths = (
				"${PODS_PODFILE_DIR_PATH}/Podfile.lock",
				"${PODS_ROOT}/Manifest.lock",
			);
			name = "[CP] Check Pods Manifest.lock";
			outputFileListPaths = (
			);
			outputPaths = (
				"$(DERIVED_FILE_DIR)/Pods-Flixter-checkManifestLockResult.txt",
			);
			runOnlyForDeploymentPostprocessing = 0;
			shellPath = /bin/sh;
			shellScript = "diff \"${PODS_PODFILE_DIR_PATH}/Podfile.lock\" \"${PODS_ROOT}/Manifest.lock\" > /dev/null\nif [ $? != 0 ] ; then\n    # print error to STDERR\n    echo \"error: The sandbox is not in sync with the Podfile.lock. Run 'pod install' or update your CocoaPods installation.\" >&2\n    exit 1\nfi\n# This output is used by Xcode 'outputs' to avoid re-running this script phase.\necho \"SUCCESS\" > \"${SCRIPT_OUTPUT_FILE_0}\"\n";
			showEnvVarsInLog = 0;
		};
/* End PBXShellScriptBuildPhase section */

/* Begin PBXSourcesBuildPhase section */
		C22002F9285BAC05000FB71E /* Sources */ = {
			isa = PBXSourcesBuildPhase;
			buildActionMask = 2147483647;
			files = (
				C20400E5285FED2600E706C1 /* CollectionViewController.m in Sources */,
				C2200308285BAC05000FB71E /* ViewController.m in Sources */,
				C220033E285BC51B000FB71E /* MovieViewController.m in Sources */,
				C20400DF285BF62600E706C1 /* MovieCell.m in Sources */,
				C2200302285BAC05000FB71E /* AppDelegate.m in Sources */,
				C20400E2285D015200E706C1 /* DetailsViewController.m in Sources */,
				C2200313285BAC07000FB71E /* main.m in Sources */,
				C2200305285BAC05000FB71E /* SceneDelegate.m in Sources */,
			);
			runOnlyForDeploymentPostprocessing = 0;
		};
		C2200314285BAC07000FB71E /* Sources */ = {
			isa = PBXSourcesBuildPhase;
			buildActionMask = 2147483647;
			files = (
				C220031D285BAC07000FB71E /* FlixterTests.m in Sources */,
			);
			runOnlyForDeploymentPostprocessing = 0;
		};
		C220031E285BAC07000FB71E /* Sources */ = {
			isa = PBXSourcesBuildPhase;
			buildActionMask = 2147483647;
			files = (
				C2200327285BAC07000FB71E /* FlixterUITests.m in Sources */,
				C2200329285BAC07000FB71E /* FlixterUITestsLaunchTests.m in Sources */,
			);
			runOnlyForDeploymentPostprocessing = 0;
		};
/* End PBXSourcesBuildPhase section */

/* Begin PBXTargetDependency section */
		C220031A285BAC07000FB71E /* PBXTargetDependency */ = {
			isa = PBXTargetDependency;
			target = C22002FC285BAC05000FB71E /* Flixter */;
			targetProxy = C2200319285BAC07000FB71E /* PBXContainerItemProxy */;
		};
		C2200324285BAC07000FB71E /* PBXTargetDependency */ = {
			isa = PBXTargetDependency;
			target = C22002FC285BAC05000FB71E /* Flixter */;
			targetProxy = C2200323285BAC07000FB71E /* PBXContainerItemProxy */;
		};
/* End PBXTargetDependency section */

/* Begin PBXVariantGroup section */
		C2200309285BAC05000FB71E /* Main.storyboard */ = {
			isa = PBXVariantGroup;
			children = (
				C220030A285BAC05000FB71E /* Base */,
			);
			name = Main.storyboard;
			sourceTree = "<group>";
		};
		C220030E285BAC07000FB71E /* LaunchScreen.storyboard */ = {
			isa = PBXVariantGroup;
			children = (
				C220030F285BAC07000FB71E /* Base */,
			);
			name = LaunchScreen.storyboard;
			sourceTree = "<group>";
		};
/* End PBXVariantGroup section */

/* Begin XCBuildConfiguration section */
		C220032A285BAC07000FB71E /* Debug */ = {
			isa = XCBuildConfiguration;
			buildSettings = {
				ALWAYS_SEARCH_USER_PATHS = NO;
				CLANG_ANALYZER_NONNULL = YES;
				CLANG_ANALYZER_NUMBER_OBJECT_CONVERSION = YES_AGGRESSIVE;
				CLANG_CXX_LANGUAGE_STANDARD = "gnu++17";
				CLANG_ENABLE_MODULES = YES;
				CLANG_ENABLE_OBJC_ARC = YES;
				CLANG_ENABLE_OBJC_WEAK = YES;
				CLANG_WARN_BLOCK_CAPTURE_AUTORELEASING = YES;
				CLANG_WARN_BOOL_CONVERSION = YES;
				CLANG_WARN_COMMA = YES;
				CLANG_WARN_CONSTANT_CONVERSION = YES;
				CLANG_WARN_DEPRECATED_OBJC_IMPLEMENTATIONS = YES;
				CLANG_WARN_DIRECT_OBJC_ISA_USAGE = YES_ERROR;
				CLANG_WARN_DOCUMENTATION_COMMENTS = YES;
				CLANG_WARN_EMPTY_BODY = YES;
				CLANG_WARN_ENUM_CONVERSION = YES;
				CLANG_WARN_INFINITE_RECURSION = YES;
				CLANG_WARN_INT_CONVERSION = YES;
				CLANG_WARN_NON_LITERAL_NULL_CONVERSION = YES;
				CLANG_WARN_OBJC_IMPLICIT_RETAIN_SELF = YES;
				CLANG_WARN_OBJC_LITERAL_CONVERSION = YES;
				CLANG_WARN_OBJC_ROOT_CLASS = YES_ERROR;
				CLANG_WARN_QUOTED_INCLUDE_IN_FRAMEWORK_HEADER = YES;
				CLANG_WARN_RANGE_LOOP_ANALYSIS = YES;
				CLANG_WARN_STRICT_PROTOTYPES = YES;
				CLANG_WARN_SUSPICIOUS_MOVE = YES;
				CLANG_WARN_UNGUARDED_AVAILABILITY = YES_AGGRESSIVE;
				CLANG_WARN_UNREACHABLE_CODE = YES;
				CLANG_WARN__DUPLICATE_METHOD_MATCH = YES;
				COPY_PHASE_STRIP = NO;
				DEBUG_INFORMATION_FORMAT = dwarf;
				ENABLE_STRICT_OBJC_MSGSEND = YES;
				ENABLE_TESTABILITY = YES;
				GCC_C_LANGUAGE_STANDARD = gnu11;
				GCC_DYNAMIC_NO_PIC = NO;
				GCC_NO_COMMON_BLOCKS = YES;
				GCC_OPTIMIZATION_LEVEL = 0;
				GCC_PREPROCESSOR_DEFINITIONS = (
					"DEBUG=1",
					"$(inherited)",
				);
				GCC_WARN_64_TO_32_BIT_CONVERSION = YES;
				GCC_WARN_ABOUT_RETURN_TYPE = YES_ERROR;
				GCC_WARN_UNDECLARED_SELECTOR = YES;
				GCC_WARN_UNINITIALIZED_AUTOS = YES_AGGRESSIVE;
				GCC_WARN_UNUSED_FUNCTION = YES;
				GCC_WARN_UNUSED_VARIABLE = YES;
				IPHONEOS_DEPLOYMENT_TARGET = 15.5;
				MTL_ENABLE_DEBUG_INFO = INCLUDE_SOURCE;
				MTL_FAST_MATH = YES;
				ONLY_ACTIVE_ARCH = YES;
				SDKROOT = iphoneos;
			};
			name = Debug;
		};
		C220032B285BAC07000FB71E /* Release */ = {
			isa = XCBuildConfiguration;
			buildSettings = {
				ALWAYS_SEARCH_USER_PATHS = NO;
				CLANG_ANALYZER_NONNULL = YES;
				CLANG_ANALYZER_NUMBER_OBJECT_CONVERSION = YES_AGGRESSIVE;
				CLANG_CXX_LANGUAGE_STANDARD = "gnu++17";
				CLANG_ENABLE_MODULES = YES;
				CLANG_ENABLE_OBJC_ARC = YES;
				CLANG_ENABLE_OBJC_WEAK = YES;
				CLANG_WARN_BLOCK_CAPTURE_AUTORELEASING = YES;
				CLANG_WARN_BOOL_CONVERSION = YES;
				CLANG_WARN_COMMA = YES;
				CLANG_WARN_CONSTANT_CONVERSION = YES;
				CLANG_WARN_DEPRECATED_OBJC_IMPLEMENTATIONS = YES;
				CLANG_WARN_DIRECT_OBJC_ISA_USAGE = YES_ERROR;
				CLANG_WARN_DOCUMENTATION_COMMENTS = YES;
				CLANG_WARN_EMPTY_BODY = YES;
				CLANG_WARN_ENUM_CONVERSION = YES;
				CLANG_WARN_INFINITE_RECURSION = YES;
				CLANG_WARN_INT_CONVERSION = YES;
				CLANG_WARN_NON_LITERAL_NULL_CONVERSION = YES;
				CLANG_WARN_OBJC_IMPLICIT_RETAIN_SELF = YES;
				CLANG_WARN_OBJC_LITERAL_CONVERSION = YES;
				CLANG_WARN_OBJC_ROOT_CLASS = YES_ERROR;
				CLANG_WARN_QUOTED_INCLUDE_IN_FRAMEWORK_HEADER = YES;
				CLANG_WARN_RANGE_LOOP_ANALYSIS = YES;
				CLANG_WARN_STRICT_PROTOTYPES = YES;
				CLANG_WARN_SUSPICIOUS_MOVE = YES;
				CLANG_WARN_UNGUARDED_AVAILABILITY = YES_AGGRESSIVE;
				CLANG_WARN_UNREACHABLE_CODE = YES;
				CLANG_WARN__DUPLICATE_METHOD_MATCH = YES;
				COPY_PHASE_STRIP = NO;
				DEBUG_INFORMATION_FORMAT = "dwarf-with-dsym";
				ENABLE_NS_ASSERTIONS = NO;
				ENABLE_STRICT_OBJC_MSGSEND = YES;
				GCC_C_LANGUAGE_STANDARD = gnu11;
				GCC_NO_COMMON_BLOCKS = YES;
				GCC_WARN_64_TO_32_BIT_CONVERSION = YES;
				GCC_WARN_ABOUT_RETURN_TYPE = YES_ERROR;
				GCC_WARN_UNDECLARED_SELECTOR = YES;
				GCC_WARN_UNINITIALIZED_AUTOS = YES_AGGRESSIVE;
				GCC_WARN_UNUSED_FUNCTION = YES;
				GCC_WARN_UNUSED_VARIABLE = YES;
				IPHONEOS_DEPLOYMENT_TARGET = 15.5;
				MTL_ENABLE_DEBUG_INFO = NO;
				MTL_FAST_MATH = YES;
				SDKROOT = iphoneos;
				VALIDATE_PRODUCT = YES;
			};
			name = Release;
		};
		C220032D285BAC07000FB71E /* Debug */ = {
			isa = XCBuildConfiguration;
			baseConfigurationReference = E6789FF845B1FAD2306EB01C /* Pods-Flixter.debug.xcconfig */;
			buildSettings = {
				ASSETCATALOG_COMPILER_APPICON_NAME = AppIcon;
				ASSETCATALOG_COMPILER_GLOBAL_ACCENT_COLOR_NAME = AccentColor;
				CODE_SIGN_STYLE = Automatic;
				CURRENT_PROJECT_VERSION = 1;
				DEVELOPMENT_TEAM = Y442UHJ5VP;
				GENERATE_INFOPLIST_FILE = YES;
				INFOPLIST_FILE = Flixter/Info.plist;
				INFOPLIST_KEY_UIApplicationSupportsIndirectInputEvents = YES;
				INFOPLIST_KEY_UILaunchStoryboardName = LaunchScreen;
				INFOPLIST_KEY_UIMainStoryboardFile = Main;
				INFOPLIST_KEY_UISupportedInterfaceOrientations_iPad = "UIInterfaceOrientationPortrait UIInterfaceOrientationPortraitUpsideDown UIInterfaceOrientationLandscapeLeft UIInterfaceOrientationLandscapeRight";
				INFOPLIST_KEY_UISupportedInterfaceOrientations_iPhone = "UIInterfaceOrientationPortrait UIInterfaceOrientationLandscapeLeft UIInterfaceOrientationLandscapeRight";
				LD_RUNPATH_SEARCH_PATHS = (
					"$(inherited)",
					"@executable_path/Frameworks",
				);
				MARKETING_VERSION = 1.0;
				PRODUCT_BUNDLE_IDENTIFIER = com.codepath;
				PRODUCT_NAME = "$(TARGET_NAME)";
				SWIFT_EMIT_LOC_STRINGS = YES;
				TARGETED_DEVICE_FAMILY = "1,2";
			};
			name = Debug;
		};
		C220032E285BAC07000FB71E /* Release */ = {
			isa = XCBuildConfiguration;
			baseConfigurationReference = F43EB4E515DDFC0FFB459555 /* Pods-Flixter.release.xcconfig */;
			buildSettings = {
				ASSETCATALOG_COMPILER_APPICON_NAME = AppIcon;
				ASSETCATALOG_COMPILER_GLOBAL_ACCENT_COLOR_NAME = AccentColor;
				CODE_SIGN_STYLE = Automatic;
				CURRENT_PROJECT_VERSION = 1;
				DEVELOPMENT_TEAM = Y442UHJ5VP;
				GENERATE_INFOPLIST_FILE = YES;
				INFOPLIST_FILE = Flixter/Info.plist;
				INFOPLIST_KEY_UIApplicationSupportsIndirectInputEvents = YES;
				INFOPLIST_KEY_UILaunchStoryboardName = LaunchScreen;
				INFOPLIST_KEY_UIMainStoryboardFile = Main;
				INFOPLIST_KEY_UISupportedInterfaceOrientations_iPad = "UIInterfaceOrientationPortrait UIInterfaceOrientationPortraitUpsideDown UIInterfaceOrientationLandscapeLeft UIInterfaceOrientationLandscapeRight";
				INFOPLIST_KEY_UISupportedInterfaceOrientations_iPhone = "UIInterfaceOrientationPortrait UIInterfaceOrientationLandscapeLeft UIInterfaceOrientationLandscapeRight";
				LD_RUNPATH_SEARCH_PATHS = (
					"$(inherited)",
					"@executable_path/Frameworks",
				);
				MARKETING_VERSION = 1.0;
				PRODUCT_BUNDLE_IDENTIFIER = com.codepath;
				PRODUCT_NAME = "$(TARGET_NAME)";
				SWIFT_EMIT_LOC_STRINGS = YES;
				TARGETED_DEVICE_FAMILY = "1,2";
			};
			name = Release;
		};
		C2200330285BAC07000FB71E /* Debug */ = {
			isa = XCBuildConfiguration;
			baseConfigurationReference = A70D734B5D9F4D91F3E3CCCA /* Pods-FlixterTests.debug.xcconfig */;
			buildSettings = {
				BUNDLE_LOADER = "$(TEST_HOST)";
				CODE_SIGN_STYLE = Automatic;
				CURRENT_PROJECT_VERSION = 1;
				DEVELOPMENT_TEAM = Y442UHJ5VP;
				GENERATE_INFOPLIST_FILE = YES;
				IPHONEOS_DEPLOYMENT_TARGET = 15.5;
				MARKETING_VERSION = 1.0;
				PRODUCT_BUNDLE_IDENTIFIER = com.codepath.FlixterTests;
				PRODUCT_NAME = "$(TARGET_NAME)";
				SWIFT_EMIT_LOC_STRINGS = NO;
				TARGETED_DEVICE_FAMILY = "1,2";
				TEST_HOST = "$(BUILT_PRODUCTS_DIR)/Flixter.app/Flixter";
			};
			name = Debug;
		};
		C2200331285BAC07000FB71E /* Release */ = {
			isa = XCBuildConfiguration;
			baseConfigurationReference = 3FB131B03E31FA25DA9AD7D7 /* Pods-FlixterTests.release.xcconfig */;
			buildSettings = {
				BUNDLE_LOADER = "$(TEST_HOST)";
				CODE_SIGN_STYLE = Automatic;
				CURRENT_PROJECT_VERSION = 1;
				DEVELOPMENT_TEAM = Y442UHJ5VP;
				GENERATE_INFOPLIST_FILE = YES;
				IPHONEOS_DEPLOYMENT_TARGET = 15.5;
				MARKETING_VERSION = 1.0;
				PRODUCT_BUNDLE_IDENTIFIER = com.codepath.FlixterTests;
				PRODUCT_NAME = "$(TARGET_NAME)";
				SWIFT_EMIT_LOC_STRINGS = NO;
				TARGETED_DEVICE_FAMILY = "1,2";
				TEST_HOST = "$(BUILT_PRODUCTS_DIR)/Flixter.app/Flixter";
			};
			name = Release;
		};
		C2200333285BAC07000FB71E /* Debug */ = {
			isa = XCBuildConfiguration;
			baseConfigurationReference = 6938920396A02139442D72AE /* Pods-Flixter-FlixterUITests.debug.xcconfig */;
			buildSettings = {
				CODE_SIGN_STYLE = Automatic;
				CURRENT_PROJECT_VERSION = 1;
				DEVELOPMENT_TEAM = Y442UHJ5VP;
				GENERATE_INFOPLIST_FILE = YES;
				MARKETING_VERSION = 1.0;
				PRODUCT_BUNDLE_IDENTIFIER = com.codepath.FlixterUITests;
				PRODUCT_NAME = "$(TARGET_NAME)";
				SWIFT_EMIT_LOC_STRINGS = NO;
				TARGETED_DEVICE_FAMILY = "1,2";
				TEST_TARGET_NAME = Flixter;
			};
			name = Debug;
		};
		C2200334285BAC07000FB71E /* Release */ = {
			isa = XCBuildConfiguration;
			baseConfigurationReference = DFD4EEA70299D79B920F615C /* Pods-Flixter-FlixterUITests.release.xcconfig */;
			buildSettings = {
				CODE_SIGN_STYLE = Automatic;
				CURRENT_PROJECT_VERSION = 1;
				DEVELOPMENT_TEAM = Y442UHJ5VP;
				GENERATE_INFOPLIST_FILE = YES;
				MARKETING_VERSION = 1.0;
				PRODUCT_BUNDLE_IDENTIFIER = com.codepath.FlixterUITests;
				PRODUCT_NAME = "$(TARGET_NAME)";
				SWIFT_EMIT_LOC_STRINGS = NO;
				TARGETED_DEVICE_FAMILY = "1,2";
				TEST_TARGET_NAME = Flixter;
			};
			name = Release;
		};
/* End XCBuildConfiguration section */

/* Begin XCConfigurationList section */
		C22002F8285BAC05000FB71E /* Build configuration list for PBXProject "Flixter" */ = {
			isa = XCConfigurationList;
			buildConfigurations = (
				C220032A285BAC07000FB71E /* Debug */,
				C220032B285BAC07000FB71E /* Release */,
			);
			defaultConfigurationIsVisible = 0;
			defaultConfigurationName = Release;
		};
		C220032C285BAC07000FB71E /* Build configuration list for PBXNativeTarget "Flixter" */ = {
			isa = XCConfigurationList;
			buildConfigurations = (
				C220032D285BAC07000FB71E /* Debug */,
				C220032E285BAC07000FB71E /* Release */,
			);
			defaultConfigurationIsVisible = 0;
			defaultConfigurationName = Release;
		};
		C220032F285BAC07000FB71E /* Build configuration list for PBXNativeTarget "FlixterTests" */ = {
			isa = XCConfigurationList;
			buildConfigurations = (
				C2200330285BAC07000FB71E /* Debug */,
				C2200331285BAC07000FB71E /* Release */,
			);
			defaultConfigurationIsVisible = 0;
			defaultConfigurationName = Release;
		};
		C2200332285BAC07000FB71E /* Build configuration list for PBXNativeTarget "FlixterUITests" */ = {
			isa = XCConfigurationList;
			buildConfigurations = (
				C2200333285BAC07000FB71E /* Debug */,
				C2200334285BAC07000FB71E /* Release */,
			);
			defaultConfigurationIsVisible = 0;
			defaultConfigurationName = Release;
		};
/* End XCConfigurationList section */
	};
	rootObject = C22002F5285BAC05000FB71E /* Project object */;
}
